
Microsoft Visual Studio Solution File, Format Version 12.00
# Visual Studio 14
VisualStudioVersion = 14.0.24720.0
MinimumVisualStudioVersion = 10.0.40219.1
Project("{FAE04EC0-301F-11D3-BF4B-00C04F79EFBC}") = "Com.Ericmas001.Userbase", "Com.Ericmas001.Userbase\Com.Ericmas001.Userbase.csproj", "{1EBD4868-86B9-42B5-8759-CBE227F70C65}"
EndProject
Project("{FAE04EC0-301F-11D3-BF4B-00C04F79EFBC}") = "Com.Ericmas001.Userbase.Test", "Com.Ericmas001.Userbase.Test\Com.Ericmas001.Userbase.Test.csproj", "{D47C50AF-5E3F-4070-846A-FD5F321D591D}"
EndProject
Project("{2150E333-8FDC-42A3-9474-1A3956D46DE8}") = "Db", "Db", "{78FD304F-1488-423F-934D-8E9CBCC313AF}"
	ProjectSection(SolutionItems) = preProject
		..\Db\create_tables.sql = ..\Db\create_tables.sql
		..\Db\drop_tables.sql = ..\Db\drop_tables.sql
		..\Db\Schemas.png = ..\Db\Schemas.png
		..\Db\Schemas.vsdx = ..\Db\Schemas.vsdx
	EndProjectSection
EndProject
Global
	GlobalSection(SolutionConfigurationPlatforms) = preSolution
		Debug|Any CPU = Debug|Any CPU
		Release|Any CPU = Release|Any CPU
	EndGlobalSection
	GlobalSection(ProjectConfigurationPlatforms) = postSolution
		{1EBD4868-86B9-42B5-8759-CBE227F70C65}.Debug|Any CPU.ActiveCfg = Debug|Any CPU
		{1EBD4868-86B9-42B5-8759-CBE227F70C65}.Debug|Any CPU.Build.0 = Debug|Any CPU
		{1EBD4868-86B9-42B5-8759-CBE227F70C65}.Release|Any CPU.ActiveCfg = Release|Any CPU
		{1EBD4868-86B9-42B5-8759-CBE227F70C65}.Release|Any CPU.Build.0 = Release|Any CPU
		{D47C50AF-5E3F-4070-846A-FD5F321D591D}.Debug|Any CPU.ActiveCfg = Debug|Any CPU
		{D47C50AF-5E3F-4070-846A-FD5F321D591D}.Debug|Any CPU.Build.0 = Debug|Any CPU
		{D47C50AF-5E3F-4070-846A-FD5F321D591D}.Release|Any CPU.ActiveCfg = Release|Any CPU
		{D47C50AF-5E3F-4070-846A-FD5F321D591D}.Release|Any CPU.Build.0 = Release|Any CPU
	EndGlobalSection
	GlobalSection(SolutionProperties) = preSolution
		HideSolutionNode = FALSE
	EndGlobalSection
EndGlobal
